
Microsoft Visual Studio Solution File, Format Version 12.00
# Visual Studio Version 16
VisualStudioVersion = 25.0.1706.7
MinimumVisualStudioVersion = 10.0.40219.1
Project("{FAE04EC0-301F-11D3-BF4B-00C04F79EFBC}") = "Pokemon", "Pokemon\Pokemon.csproj", "{BA93E574-0032-41B7-88A5-7C6851556F52}"
EndProject
Global
	GlobalSection(SolutionConfigurationPlatforms) = preSolution
		Debug|Any CPU = Debug|Any CPU
		Release|Any CPU = Release|Any CPU
	EndGlobalSection
	GlobalSection(ProjectConfigurationPlatforms) = postSolution
		{BA93E574-0032-41B7-88A5-7C6851556F52}.Debug|Any CPU.ActiveCfg = Debug|Any CPU
		{BA93E574-0032-41B7-88A5-7C6851556F52}.Debug|Any CPU.Build.0 = Debug|Any CPU
		{BA93E574-0032-41B7-88A5-7C6851556F52}.Release|Any CPU.ActiveCfg = Release|Any CPU
		{BA93E574-0032-41B7-88A5-7C6851556F52}.Release|Any CPU.Build.0 = Release|Any CPU
	EndGlobalSection
	GlobalSection(SolutionProperties) = preSolution
		HideSolutionNode = FALSE
	EndGlobalSection
	GlobalSection(ExtensibilityGlobals) = postSolution
		SolutionGuid = {8CB3CD9F-06DF-4FFC-A1F7-93DBC27394C8}
	EndGlobalSection
EndGlobal
